
Microsoft Visual Studio Solution File, Format Version 12.00
# Visual Studio Version 16
VisualStudioVersion = 16.0.30717.126
MinimumVisualStudioVersion = 10.0.40219.1
Project("{FAE04EC0-301F-11D3-BF4B-00C04F79EFBC}") = "Hr", "Hr\Hr.csproj", "{D611497B-1E89-4787-98BD-ADB32D92EC93}"
EndProject
Global
	GlobalSection(SolutionConfigurationPlatforms) = preSolution
		Debug|Any CPU = Debug|Any CPU
		Release|Any CPU = Release|Any CPU
	EndGlobalSection
	GlobalSection(ProjectConfigurationPlatforms) = postSolution
		{D611497B-1E89-4787-98BD-ADB32D92EC93}.Debug|Any CPU.ActiveCfg = Debug|Any CPU
		{D611497B-1E89-4787-98BD-ADB32D92EC93}.Debug|Any CPU.Build.0 = Debug|Any CPU
		{D611497B-1E89-4787-98BD-ADB32D92EC93}.Release|Any CPU.ActiveCfg = Release|Any CPU
		{D611497B-1E89-4787-98BD-ADB32D92EC93}.Release|Any CPU.Build.0 = Release|Any CPU
	EndGlobalSection
	GlobalSection(SolutionProperties) = preSolution
		HideSolutionNode = FALSE
	EndGlobalSection
	GlobalSection(ExtensibilityGlobals) = postSolution
		SolutionGuid = {D1ED6DDD-5801-41A2-A46D-3E5FF8013484}
	EndGlobalSection
EndGlobal
